{
  "version": "v1",
  "packages": {
    "@lidofinance/next-staking-widget-app": {
      "signature": "820f605783ae5e661ae318b0507ca996",
      "file": true
    },
    "@lidofinance/ui-wallet-modal": {
      "signature": "48039967cbe1356294699c48e6ee55dd",
      "file": true
    },
    "@lidofinance/ui-primitives": {
      "signature": "2ca6bd9166f9fe88e537a01a7fdf56ce",
      "file": true
    },
    "@lidofinance/next-ui-pages": {
      "signature": "d3f7a1565c1e68f780d7fe27ae477d29",
      "file": true
    }
  }
}