{
  "version": "v1",
  "packages": {
    "@lidofinance/ui-wallet-modal": {
      "signature": "8fbfd9edcc74ed5001c546050136d426",
      "file": true
    },
    "@lidofinance/ui-primitives": {
      "signature": "0c18392d1e813397a885406f12a29420",
      "file": true
    },
    "@lidofinance/next-api-wrapper": {
      "signature": "3ce984dc1aa1050166b4f52ce95d6e27",
      "file": true,
      "replaced": "^0.7.0"
    },
    "@lidofinance/eth-ui-wallet-modal": {
      "signature": "ef0f70da1cfce36b41eb807682dd0fa3",
      "file": true
    },
    "@lidofinance/eth-ui-primitives": {
      "signature": "92a122b68054074d16320e6697598a99",
      "file": true
    },
    "@lidofinance/next-widget-app": {
      "signature": "dcb239849c3e45ee4f300d89b627a50a",
      "file": true
    },
    "@lidofinance/next-ui-primitives": {
      "signature": "76cd1f577affd5989246f02984ca7609",
      "file": true
    },
    "@lidofinance/next-pages": {
      "signature": "279515cb61911db3e5523214322e3bb9",
      "file": true,
      "replaced": "^0.13.0"
    }
  }
}