{
  "version": "v1",
  "packages": {
    "@lidofinance/next-widget-app": {
      "signature": "eda5eb03f3aeb2c8fc6d388ebcd2d4e5",
      "file": true
    },
    "@lidofinance/eth-ui-wallet-modal": {
      "signature": "f0cfb309dbbc8f2d3b803df76d5c4ba7",
      "file": true,
      "replaced": "^0.26.0"
    },
    "@lidofinance/eth-ui-primitives": {
      "signature": "9f7ec128b554a2d2f8edeca6a831287c",
      "file": true,
      "replaced": "^0.26.0"
    },
    "@lidofinance/next-widget-layout": {
      "signature": "44f3daf2b6584ce8894d13869669455f",
      "file": true
    }
  }
}